
Microsoft Visual Studio Solution File, Format Version 12.00
# Visual Studio Version 17
VisualStudioVersion = 17.9.34607.119
MinimumVisualStudioVersion = 10.0.40219.1
Project("{FAE04EC0-301F-11D3-BF4B-00C04F79EFBC}") = "TADI DEMO XAMARIN", "TADI DEMO XAMARIN\TADI DEMO XAMARIN.csproj", "{0F45770C-2D7C-4B7F-BC55-57AAC3DEF8B1}"
EndProject
Global
	GlobalSection(SolutionConfigurationPlatforms) = preSolution
		Debug|Any CPU = Debug|Any CPU
		Release|Any CPU = Release|Any CPU
	EndGlobalSection
	GlobalSection(ProjectConfigurationPlatforms) = postSolution
		{0F45770C-2D7C-4B7F-BC55-57AAC3DEF8B1}.Debug|Any CPU.ActiveCfg = Debug|Any CPU
		{0F45770C-2D7C-4B7F-BC55-57AAC3DEF8B1}.Debug|Any CPU.Build.0 = Debug|Any CPU
		{0F45770C-2D7C-4B7F-BC55-57AAC3DEF8B1}.Debug|Any CPU.Deploy.0 = Debug|Any CPU
		{0F45770C-2D7C-4B7F-BC55-57AAC3DEF8B1}.Release|Any CPU.ActiveCfg = Release|Any CPU
		{0F45770C-2D7C-4B7F-BC55-57AAC3DEF8B1}.Release|Any CPU.Build.0 = Release|Any CPU
		{0F45770C-2D7C-4B7F-BC55-57AAC3DEF8B1}.Release|Any CPU.Deploy.0 = Release|Any CPU
	EndGlobalSection
	GlobalSection(SolutionProperties) = preSolution
		HideSolutionNode = FALSE
	EndGlobalSection
	GlobalSection(ExtensibilityGlobals) = postSolution
		SolutionGuid = {7E2317FB-7CAE-41FA-B521-6E4DE8F73179}
	EndGlobalSection
EndGlobal
